// !$*UTF8*$!
{
	archiveVersion = 1;
	classes = {
	};
	objectVersion = 46;
	objects = {

/* Begin PBXBuildFile section */
		ED9F77571A42D8A100D15B84 /* EditViewController.swift in Sources */ = {isa = PBXBuildFile; fileRef = ED9F77561A42D8A100D15B84 /* EditViewController.swift */; };
		ED9F77591A42DA2800D15B84 /* TableViewController.swift in Sources */ = {isa = PBXBuildFile; fileRef = ED9F77581A42DA2800D15B84 /* TableViewController.swift */; };
		ED9F775B1A42DA9700D15B84 /* DetalleViewController.swift in Sources */ = {isa = PBXBuildFile; fileRef = ED9F775A1A42DA9700D15B84 /* DetalleViewController.swift */; };
		ED9F775F1A42EF8A00D15B84 /* Person.m in Sources */ = {isa = PBXBuildFile; fileRef = ED9F775E1A42EF8A00D15B84 /* Person.m */; };
		FB36C7201A4702A80051B213 /* FakePersons.plist in Resources */ = {isa = PBXBuildFile; fileRef = FB36C71F1A4702A80051B213 /* FakePersons.plist */; };
		FB36C7221AB0E7A30051B213 /* Utilities.swift in Sources */ = {isa = PBXBuildFile; fileRef = FB36C7211AB0E7A30051B213 /* Utilities.swift */; };
		FBE10FB01A419A87008DB441 /* AppDelegate.swift in Sources */ = {isa = PBXBuildFile; fileRef = FBE10FAF1A419A87008DB441 /* AppDelegate.swift */; };
		FBE10FB31A419A87008DB441 /* Agenda.xcdatamodeld in Sources */ = {isa = PBXBuildFile; fileRef = FBE10FB11A419A87008DB441 /* Agenda.xcdatamodeld */; };
		FBE10FB81A419A87008DB441 /* Main.storyboard in Resources */ = {isa = PBXBuildFile; fileRef = FBE10FB61A419A87008DB441 /* Main.storyboard */; };
		FBE10FBA1A419A88008DB441 /* Images.xcassets in Resources */ = {isa = PBXBuildFile; fileRef = FBE10FB91A419A88008DB441 /* Images.xcassets */; };
		FBE10FBD1A419A88008DB441 /* LaunchScreen.xib in Resources */ = {isa = PBXBuildFile; fileRef = FBE10FBB1A419A88008DB441 /* LaunchScreen.xib */; };
		FBE10FC91A419A88008DB441 /* AgendaTests.swift in Sources */ = {isa = PBXBuildFile; fileRef = FBE10FC81A419A88008DB441 /* AgendaTests.swift */; };
/* End PBXBuildFile section */

/* Begin PBXContainerItemProxy section */
		FBE10FC31A419A88008DB441 /* PBXContainerItemProxy */ = {
			isa = PBXContainerItemProxy;
			containerPortal = FBE10FA21A419A87008DB441 /* Project object */;
			proxyType = 1;
			remoteGlobalIDString = FBE10FA91A419A87008DB441;
			remoteInfo = Agenda;
		};
/* End PBXContainerItemProxy section */

/* Begin PBXFileReference section */
		ED9F77561A42D8A100D15B84 /* EditViewController.swift */ = {isa = PBXFileReference; fileEncoding = 4; lastKnownFileType = sourcecode.swift; path = EditViewController.swift; sourceTree = "<group>"; };
		ED9F77581A42DA2800D15B84 /* TableViewController.swift */ = {isa = PBXFileReference; fileEncoding = 4; lastKnownFileType = sourcecode.swift; name = TableViewController.swift; path = ../TableViewController.swift; sourceTree = "<group>"; };
		ED9F775A1A42DA9700D15B84 /* DetalleViewController.swift */ = {isa = PBXFileReference; fileEncoding = 4; lastKnownFileType = sourcecode.swift; path = DetalleViewController.swift; sourceTree = "<group>"; };
		ED9F775C1A42EF8A00D15B84 /* Agenda-Bridging-Header.h */ = {isa = PBXFileReference; lastKnownFileType = sourcecode.c.h; path = "Agenda-Bridging-Header.h"; sourceTree = "<group>"; };
		ED9F775D1A42EF8A00D15B84 /* Person.h */ = {isa = PBXFileReference; fileEncoding = 4; lastKnownFileType = sourcecode.c.h; path = Person.h; sourceTree = "<group>"; };
		ED9F775E1A42EF8A00D15B84 /* Person.m */ = {isa = PBXFileReference; fileEncoding = 4; lastKnownFileType = sourcecode.c.objc; path = Person.m; sourceTree = "<group>"; };
		FB36C71F1A4702A80051B213 /* FakePersons.plist */ = {isa = PBXFileReference; fileEncoding = 4; lastKnownFileType = text.plist.xml; path = FakePersons.plist; sourceTree = "<group>"; };
		FB36C7211AB0E7A30051B213 /* Utilities.swift */ = {isa = PBXFileReference; fileEncoding = 4; lastKnownFileType = sourcecode.swift; path = Utilities.swift; sourceTree = "<group>"; };
		FBE10FAA1A419A87008DB441 /* Agenda.app */ = {isa = PBXFileReference; explicitFileType = wrapper.application; includeInIndex = 0; path = Agenda.app; sourceTree = BUILT_PRODUCTS_DIR; };
		FBE10FAE1A419A87008DB441 /* Info.plist */ = {isa = PBXFileReference; lastKnownFileType = text.plist.xml; path = Info.plist; sourceTree = "<group>"; };
		FBE10FAF1A419A87008DB441 /* AppDelegate.swift */ = {isa = PBXFileReference; lastKnownFileType = sourcecode.swift; path = AppDelegate.swift; sourceTree = "<group>"; };
		FBE10FB21A419A87008DB441 /* Agenda.xcdatamodel */ = {isa = PBXFileReference; lastKnownFileType = wrapper.xcdatamodel; path = Agenda.xcdatamodel; sourceTree = "<group>"; };
		FBE10FB71A419A87008DB441 /* Base */ = {isa = PBXFileReference; lastKnownFileType = file.storyboard; name = Base; path = Base.lproj/Main.storyboard; sourceTree = "<group>"; };
		FBE10FB91A419A88008DB441 /* Images.xcassets */ = {isa = PBXFileReference; lastKnownFileType = folder.assetcatalog; path = Images.xcassets; sourceTree = "<group>"; };
		FBE10FBC1A419A88008DB441 /* Base */ = {isa = PBXFileReference; lastKnownFileType = file.xib; name = Base; path = Base.lproj/LaunchScreen.xib; sourceTree = "<group>"; };
		FBE10FC21A419A88008DB441 /* AgendaTests.xctest */ = {isa = PBXFileReference; explicitFileType = wrapper.cfbundle; includeInIndex = 0; path = AgendaTests.xctest; sourceTree = BUILT_PRODUCTS_DIR; };
		FBE10FC71A419A88008DB441 /* Info.plist */ = {isa = PBXFileReference; lastKnownFileType = text.plist.xml; path = Info.plist; sourceTree = "<group>"; };
		FBE10FC81A419A88008DB441 /* AgendaTests.swift */ = {isa = PBXFileReference; lastKnownFileType = sourcecode.swift; path = AgendaTests.swift; sourceTree = "<group>"; };
/* End PBXFileReference section */

/* Begin PBXFrameworksBuildPhase section */
		FBE10FA71A419A87008DB441 /* Frameworks */ = {
			isa = PBXFrameworksBuildPhase;
			buildActionMask = 2147483647;
			files = (
			);
			runOnlyForDeploymentPostprocessing = 0;
		};
		FBE10FBF1A419A88008DB441 /* Frameworks */ = {
			isa = PBXFrameworksBuildPhase;
			buildActionMask = 2147483647;
			files = (
			);
			runOnlyForDeploymentPostprocessing = 0;
		};
/* End PBXFrameworksBuildPhase section */

/* Begin PBXGroup section */
		FBE10FA11A419A87008DB441 = {
			isa = PBXGroup;
			children = (
				FBE10FAC1A419A87008DB441 /* Agenda */,
				FBE10FC51A419A88008DB441 /* AgendaTests */,
				FBE10FAB1A419A87008DB441 /* Products */,
			);
			sourceTree = "<group>";
		};
		FBE10FAB1A419A87008DB441 /* Products */ = {
			isa = PBXGroup;
			children = (
				FBE10FAA1A419A87008DB441 /* Agenda.app */,
				FBE10FC21A419A88008DB441 /* AgendaTests.xctest */,
			);
			name = Products;
			sourceTree = "<group>";
		};
		FBE10FAC1A419A87008DB441 /* Agenda */ = {
			isa = PBXGroup;
			children = (
				ED9F77581A42DA2800D15B84 /* TableViewController.swift */,
				ED9F775A1A42DA9700D15B84 /* DetalleViewController.swift */,
				FBE10FAF1A419A87008DB441 /* AppDelegate.swift */,
				FBE10FB61A419A87008DB441 /* Main.storyboard */,
				ED9F77561A42D8A100D15B84 /* EditViewController.swift */,
				FBE10FB91A419A88008DB441 /* Images.xcassets */,
				FBE10FBB1A419A88008DB441 /* LaunchScreen.xib */,
				FBE10FB11A419A87008DB441 /* Agenda.xcdatamodeld */,
				ED9F775D1A42EF8A00D15B84 /* Person.h */,
				ED9F775E1A42EF8A00D15B84 /* Person.m */,
				FBE10FAD1A419A87008DB441 /* Supporting Files */,
				ED9F775C1A42EF8A00D15B84 /* Agenda-Bridging-Header.h */,
				FB36C7211AB0E7A30051B213 /* Utilities.swift */,
			);
			path = Agenda;
			sourceTree = "<group>";
		};
		FBE10FAD1A419A87008DB441 /* Supporting Files */ = {
			isa = PBXGroup;
			children = (
				FB36C71F1A4702A80051B213 /* FakePersons.plist */,
				FBE10FAE1A419A87008DB441 /* Info.plist */,
			);
			name = "Supporting Files";
			sourceTree = "<group>";
		};
		FBE10FC51A419A88008DB441 /* AgendaTests */ = {
			isa = PBXGroup;
			children = (
				FBE10FC81A419A88008DB441 /* AgendaTests.swift */,
				FBE10FC61A419A88008DB441 /* Supporting Files */,
			);
			path = AgendaTests;
			sourceTree = "<group>";
		};
		FBE10FC61A419A88008DB441 /* Supporting Files */ = {
			isa = PBXGroup;
			children = (
				FBE10FC71A419A88008DB441 /* Info.plist */,
			);
			name = "Supporting Files";
			sourceTree = "<group>";
		};
/* End PBXGroup section */

/* Begin PBXNativeTarget section */
		FBE10FA91A419A87008DB441 /* Agenda */ = {
			isa = PBXNativeTarget;
			buildConfigurationList = FBE10FCC1A419A88008DB441 /* Build configuration list for PBXNativeTarget "Agenda" */;
			buildPhases = (
				FBE10FA61A419A87008DB441 /* Sources */,
				FBE10FA71A419A87008DB441 /* Frameworks */,
				FBE10FA81A419A87008DB441 /* Resources */,
			);
			buildRules = (
			);
			dependencies = (
			);
			name = Agenda;
			productName = Agenda;
			productReference = FBE10FAA1A419A87008DB441 /* Agenda.app */;
			productType = "com.apple.product-type.application";
		};
		FBE10FC11A419A88008DB441 /* AgendaTests */ = {
			isa = PBXNativeTarget;
			buildConfigurationList = FBE10FCF1A419A88008DB441 /* Build configuration list for PBXNativeTarget "AgendaTests" */;
			buildPhases = (
				FBE10FBE1A419A88008DB441 /* Sources */,
				FBE10FBF1A419A88008DB441 /* Frameworks */,
				FBE10FC01A419A88008DB441 /* Resources */,
			);
			buildRules = (
			);
			dependencies = (
				FBE10FC41A419A88008DB441 /* PBXTargetDependency */,
			);
			name = AgendaTests;
			productName = AgendaTests;
			productReference = FBE10FC21A419A88008DB441 /* AgendaTests.xctest */;
			productType = "com.apple.product-type.bundle.unit-test";
		};
/* End PBXNativeTarget section */

/* Begin PBXProject section */
		FBE10FA21A419A87008DB441 /* Project object */ = {
			isa = PBXProject;
			attributes = {
				LastUpgradeCheck = 0610;
				ORGANIZATIONNAME = Equipo;
				TargetAttributes = {
					FBE10FA91A419A87008DB441 = {
						CreatedOnToolsVersion = 6.1;
					};
					FBE10FC11A419A88008DB441 = {
						CreatedOnToolsVersion = 6.1;
						TestTargetID = FBE10FA91A419A87008DB441;
					};
				};
			};
			buildConfigurationList = FBE10FA51A419A87008DB441 /* Build configuration list for PBXProject "Agenda" */;
			compatibilityVersion = "Xcode 3.2";
			developmentRegion = English;
			hasScannedForEncodings = 0;
			knownRegions = (
				en,
				Base,
			);
			mainGroup = FBE10FA11A419A87008DB441;
			productRefGroup = FBE10FAB1A419A87008DB441 /* Products */;
			projectDirPath = "";
			projectRoot = "";
			targets = (
				FBE10FA91A419A87008DB441 /* Agenda */,
				FBE10FC11A419A88008DB441 /* AgendaTests */,
			);
		};
/* End PBXProject section */

/* Begin PBXResourcesBuildPhase section */
		FBE10FA81A419A87008DB441 /* Resources */ = {
			isa = PBXResourcesBuildPhase;
			buildActionMask = 2147483647;
			files = (
				FB36C7201A4702A80051B213 /* FakePersons.plist in Resources */,
				FBE10FB81A419A87008DB441 /* Main.storyboard in Resources */,
				FBE10FBD1A419A88008DB441 /* LaunchScreen.xib in Resources */,
				FBE10FBA1A419A88008DB441 /* Images.xcassets in Resources */,
			);
			runOnlyForDeploymentPostprocessing = 0;
		};
		FBE10FC01A419A88008DB441 /* Resources */ = {
			isa = PBXResourcesBuildPhase;
			buildActionMask = 2147483647;
			files = (
			);
			runOnlyForDeploymentPostprocessing = 0;
		};
/* End PBXResourcesBuildPhase section */

/* Begin PBXSourcesBuildPhase section */
		FBE10FA61A419A87008DB441 /* Sources */ = {
			isa = PBXSourcesBuildPhase;
			buildActionMask = 2147483647;
			files = (
				ED9F775F1A42EF8A00D15B84 /* Person.m in Sources */,
				ED9F77571A42D8A100D15B84 /* EditViewController.swift in Sources */,
				FB36C7221AB0E7A30051B213 /* Utilities.swift in Sources */,
				ED9F775B1A42DA9700D15B84 /* DetalleViewController.swift in Sources */,
				FBE10FB01A419A87008DB441 /* AppDelegate.swift in Sources */,
				FBE10FB31A419A87008DB441 /* Agenda.xcdatamodeld in Sources */,
				ED9F77591A42DA2800D15B84 /* TableViewController.swift in Sources */,
			);
			runOnlyForDeploymentPostprocessing = 0;
		};
		FBE10FBE1A419A88008DB441 /* Sources */ = {
			isa = PBXSourcesBuildPhase;
			buildActionMask = 2147483647;
			files = (
				FBE10FC91A419A88008DB441 /* AgendaTests.swift in Sources */,
			);
			runOnlyForDeploymentPostprocessing = 0;
		};
/* End PBXSourcesBuildPhase section */

/* Begin PBXTargetDependency section */
		FBE10FC41A419A88008DB441 /* PBXTargetDependency */ = {
			isa = PBXTargetDependency;
			target = FBE10FA91A419A87008DB441 /* Agenda */;
			targetProxy = FBE10FC31A419A88008DB441 /* PBXContainerItemProxy */;
		};
/* End PBXTargetDependency section */

/* Begin PBXVariantGroup section */
		FBE10FB61A419A87008DB441 /* Main.storyboard */ = {
			isa = PBXVariantGroup;
			children = (
				FBE10FB71A419A87008DB441 /* Base */,
			);
			name = Main.storyboard;
			sourceTree = "<group>";
		};
		FBE10FBB1A419A88008DB441 /* LaunchScreen.xib */ = {
			isa = PBXVariantGroup;
			children = (
				FBE10FBC1A419A88008DB441 /* Base */,
			);
			name = LaunchScreen.xib;
			sourceTree = "<group>";
		};
/* End PBXVariantGroup section */

/* Begin XCBuildConfiguration section */
		FBE10FCA1A419A88008DB441 /* Debug */ = {
			isa = XCBuildConfiguration;
			buildSettings = {
				ALWAYS_SEARCH_USER_PATHS = NO;
				CLANG_CXX_LANGUAGE_STANDARD = "gnu++0x";
				CLANG_CXX_LIBRARY = "libc++";
				CLANG_ENABLE_MODULES = YES;
				CLANG_ENABLE_OBJC_ARC = YES;
				CLANG_WARN_BOOL_CONVERSION = YES;
				CLANG_WARN_CONSTANT_CONVERSION = YES;
				CLANG_WARN_DIRECT_OBJC_ISA_USAGE = YES_ERROR;
				CLANG_WARN_EMPTY_BODY = YES;
				CLANG_WARN_ENUM_CONVERSION = YES;
				CLANG_WARN_INT_CONVERSION = YES;
				CLANG_WARN_OBJC_ROOT_CLASS = YES_ERROR;
				CLANG_WARN_UNREACHABLE_CODE = YES;
				CLANG_WARN__DUPLICATE_METHOD_MATCH = YES;
				"CODE_SIGN_IDENTITY[sdk=iphoneos*]" = "iPhone Developer";
				COPY_PHASE_STRIP = NO;
				ENABLE_STRICT_OBJC_MSGSEND = YES;
				GCC_C_LANGUAGE_STANDARD = gnu99;
				GCC_DYNAMIC_NO_PIC = NO;
				GCC_OPTIMIZATION_LEVEL = 0;
				GCC_PREPROCESSOR_DEFINITIONS = (
					"DEBUG=1",
					"$(inherited)",
				);
				GCC_SYMBOLS_PRIVATE_EXTERN = NO;
				GCC_WARN_64_TO_32_BIT_CONVERSION = YES;
				GCC_WARN_ABOUT_RETURN_TYPE = YES_ERROR;
				GCC_WARN_UNDECLARED_SELECTOR = YES;
				GCC_WARN_UNINITIALIZED_AUTOS = YES_AGGRESSIVE;
				GCC_WARN_UNUSED_FUNCTION = YES;
				GCC_WARN_UNUSED_VARIABLE = YES;
				IPHONEOS_DEPLOYMENT_TARGET = 8.1;
				MTL_ENABLE_DEBUG_INFO = YES;
				ONLY_ACTIVE_ARCH = YES;
				SDKROOT = iphoneos;
				SWIFT_OPTIMIZATION_LEVEL = "-Onone";
				TARGETED_DEVICE_FAMILY = "1,2";
			};
			name = Debug;
		};
		FBE10FCB1A419A88008DB441 /* Release */ = {
			isa = XCBuildConfiguration;
			buildSettings = {
				ALWAYS_SEARCH_USER_PATHS = NO;
				CLANG_CXX_LANGUAGE_STANDARD = "gnu++0x";
				CLANG_CXX_LIBRARY = "libc++";
				CLANG_ENABLE_MODULES = YES;
				CLANG_ENABLE_OBJC_ARC = YES;
				CLANG_WARN_BOOL_CONVERSION = YES;
				CLANG_WARN_CONSTANT_CONVERSION = YES;
				CLANG_WARN_DIRECT_OBJC_ISA_USAGE = YES_ERROR;
				CLANG_WARN_EMPTY_BODY = YES;
				CLANG_WARN_ENUM_CONVERSION = YES;
				CLANG_WARN_INT_CONVERSION = YES;
				CLANG_WARN_OBJC_ROOT_CLASS = YES_ERROR;
				CLANG_WARN_UNREACHABLE_CODE = YES;
				CLANG_WARN__DUPLICATE_METHOD_MATCH = YES;
				"CODE_SIGN_IDENTITY[sdk=iphoneos*]" = "iPhone Developer";
				COPY_PHASE_STRIP = YES;
				ENABLE_NS_ASSERTIONS = NO;
				ENABLE_STRICT_OBJC_MSGSEND = YES;
				GCC_C_LANGUAGE_STANDARD = gnu99;
				GCC_WARN_64_TO_32_BIT_CONVERSION = YES;
				GCC_WARN_ABOUT_RETURN_TYPE = YES_ERROR;
				GCC_WARN_UNDECLARED_SELECTOR = YES;
				GCC_WARN_UNINITIALIZED_AUTOS = YES_AGGRESSIVE;
				GCC_WARN_UNUSED_FUNCTION = YES;
				GCC_WARN_UNUSED_VARIABLE = YES;
				IPHONEOS_DEPLOYMENT_TARGET = 8.1;
				MTL_ENABLE_DEBUG_INFO = NO;
				SDKROOT = iphoneos;
				TARGETED_DEVICE_FAMILY = "1,2";
				VALIDATE_PRODUCT = YES;
			};
			name = Release;
		};
		FBE10FCD1A419A88008DB441 /* Debug */ = {
			isa = XCBuildConfiguration;
			buildSettings = {
				ASSETCATALOG_COMPILER_APPICON_NAME = AppIcon;
				CLANG_ENABLE_MODULES = YES;
				INFOPLIST_FILE = Agenda/Info.plist;
				LD_RUNPATH_SEARCH_PATHS = "$(inherited) @executable_path/Frameworks";
				PRODUCT_NAME = "$(TARGET_NAME)";
				SWIFT_OBJC_BRIDGING_HEADER = "Agenda/Agenda-Bridging-Header.h";
				SWIFT_OPTIMIZATION_LEVEL = "-Onone";
			};
			name = Debug;
		};
		FBE10FCE1A419A88008DB441 /* Release */ = {
			isa = XCBuildConfiguration;
			buildSettings = {
				ASSETCATALOG_COMPILER_APPICON_NAME = AppIcon;
				CLANG_ENABLE_MODULES = YES;
				INFOPLIST_FILE = Agenda/Info.plist;
				LD_RUNPATH_SEARCH_PATHS = "$(inherited) @executable_path/Frameworks";
				PRODUCT_NAME = "$(TARGET_NAME)";
				SWIFT_OBJC_BRIDGING_HEADER = "Agenda/Agenda-Bridging-Header.h";
			};
			name = Release;
		};
		FBE10FD01A419A88008DB441 /* Debug */ = {
			isa = XCBuildConfiguration;
			buildSettings = {
				BUNDLE_LOADER = "$(TEST_HOST)";
				FRAMEWORK_SEARCH_PATHS = (
					"$(SDKROOT)/Developer/Library/Frameworks",
					"$(inherited)",
				);
				GCC_PREPROCESSOR_DEFINITIONS = (
					"DEBUG=1",
					"$(inherited)",
				);
				INFOPLIST_FILE = AgendaTests/Info.plist;
				LD_RUNPATH_SEARCH_PATHS = "$(inherited) @executable_path/Frameworks @loader_path/Frameworks";
				PRODUCT_NAME = "$(TARGET_NAME)";
				TEST_HOST = "$(BUILT_PRODUCTS_DIR)/Agenda.app/Agenda";
			};
			name = Debug;
		};
		FBE10FD11A419A88008DB441 /* Release */ = {
			isa = XCBuildConfiguration;
			buildSettings = {
				BUNDLE_LOADER = "$(TEST_HOST)";
				FRAMEWORK_SEARCH_PATHS = (
					"$(SDKROOT)/Developer/Library/Frameworks",
					"$(inherited)",
				);
				INFOPLIST_FILE = AgendaTests/Info.plist;
				LD_RUNPATH_SEARCH_PATHS = "$(inherited) @executable_path/Frameworks @loader_path/Frameworks";
				PRODUCT_NAME = "$(TARGET_NAME)";
				TEST_HOST = "$(BUILT_PRODUCTS_DIR)/Agenda.app/Agenda";
			};
			name = Release;
		};
/* End XCBuildConfiguration section */

/* Begin XCConfigurationList section */
		FBE10FA51A419A87008DB441 /* Build configuration list for PBXProject "Agenda" */ = {
			isa = XCConfigurationList;
			buildConfigurations = (
				FBE10FCA1A419A88008DB441 /* Debug */,
				FBE10FCB1A419A88008DB441 /* Release */,
			);
			defaultConfigurationIsVisible = 0;
			defaultConfigurationName = Release;
		};
		FBE10FCC1A419A88008DB441 /* Build configuration list for PBXNativeTarget "Agenda" */ = {
			isa = XCConfigurationList;
			buildConfigurations = (
				FBE10FCD1A419A88008DB441 /* Debug */,
				FBE10FCE1A419A88008DB441 /* Release */,
			);
			defaultConfigurationIsVisible = 0;
			defaultConfigurationName = Release;
		};
		FBE10FCF1A419A88008DB441 /* Build configuration list for PBXNativeTarget "AgendaTests" */ = {
			isa = XCConfigurationList;
			buildConfigurations = (
				FBE10FD01A419A88008DB441 /* Debug */,
				FBE10FD11A419A88008DB441 /* Release */,
			);
			defaultConfigurationIsVisible = 0;
			defaultConfigurationName = Release;
		};
/* End XCConfigurationList section */

/* Begin XCVersionGroup section */
		FBE10FB11A419A87008DB441 /* Agenda.xcdatamodeld */ = {
			isa = XCVersionGroup;
			children = (
				FBE10FB21A419A87008DB441 /* Agenda.xcdatamodel */,
			);
			currentVersion = FBE10FB21A419A87008DB441 /* Agenda.xcdatamodel */;
			path = Agenda.xcdatamodeld;
			sourceTree = "<group>";
			versionGroupType = wrapper.xcdatamodel;
		};
/* End XCVersionGroup section */
	};
	rootObject = FBE10FA21A419A87008DB441 /* Project object */;
}
